
Microsoft Visual Studio Solution File, Format Version 12.00
# Visual Studio Version 17
VisualStudioVersion = 17.9.34607.119
MinimumVisualStudioVersion = 10.0.40219.1
Project("{FAE04EC0-301F-11D3-BF4B-00C04F79EFBC}") = "MVCNetCoreEF", "MVCNetCoreEF\MVCNetCoreEF.csproj", "{FEB2BA80-4158-4BF6-AA88-84C480EB8F29}"
EndProject
Global
	GlobalSection(SolutionConfigurationPlatforms) = preSolution
		Debug|Any CPU = Debug|Any CPU
		Release|Any CPU = Release|Any CPU
	EndGlobalSection
	GlobalSection(ProjectConfigurationPlatforms) = postSolution
		{FEB2BA80-4158-4BF6-AA88-84C480EB8F29}.Debug|Any CPU.ActiveCfg = Debug|Any CPU
		{FEB2BA80-4158-4BF6-AA88-84C480EB8F29}.Debug|Any CPU.Build.0 = Debug|Any CPU
		{FEB2BA80-4158-4BF6-AA88-84C480EB8F29}.Release|Any CPU.ActiveCfg = Release|Any CPU
		{FEB2BA80-4158-4BF6-AA88-84C480EB8F29}.Release|Any CPU.Build.0 = Release|Any CPU
	EndGlobalSection
	GlobalSection(SolutionProperties) = preSolution
		HideSolutionNode = FALSE
	EndGlobalSection
	GlobalSection(ExtensibilityGlobals) = postSolution
		SolutionGuid = {A7E022DE-4EE7-40FF-BCF0-70F071EBCED3}
	EndGlobalSection
EndGlobal
